
Microsoft Visual Studio Solution File, Format Version 12.00
# Visual Studio Version 16
VisualStudioVersion = 16.0.29009.5
MinimumVisualStudioVersion = 10.0.40219.1
Project("{FAE04EC0-301F-11D3-BF4B-00C04F79EFBC}") = "PruebaReact", "PruebaReact\PruebaReact.csproj", "{DDB99BB0-9958-45C5-ADB8-3B98FE12DAA7}"
EndProject
Global
	GlobalSection(SolutionConfigurationPlatforms) = preSolution
		Debug|Any CPU = Debug|Any CPU
		Release|Any CPU = Release|Any CPU
	EndGlobalSection
	GlobalSection(ProjectConfigurationPlatforms) = postSolution
		{DDB99BB0-9958-45C5-ADB8-3B98FE12DAA7}.Debug|Any CPU.ActiveCfg = Debug|Any CPU
		{DDB99BB0-9958-45C5-ADB8-3B98FE12DAA7}.Debug|Any CPU.Build.0 = Debug|Any CPU
		{DDB99BB0-9958-45C5-ADB8-3B98FE12DAA7}.Release|Any CPU.ActiveCfg = Release|Any CPU
		{DDB99BB0-9958-45C5-ADB8-3B98FE12DAA7}.Release|Any CPU.Build.0 = Release|Any CPU
	EndGlobalSection
	GlobalSection(SolutionProperties) = preSolution
		HideSolutionNode = FALSE
	EndGlobalSection
	GlobalSection(ExtensibilityGlobals) = postSolution
		SolutionGuid = {993D6041-EE2F-46DD-A2A6-C341C307317F}
	EndGlobalSection
EndGlobal
